
Microsoft Visual Studio Solution File, Format Version 12.00
# Visual Studio 15
VisualStudioVersion = 15.0.27130.2020
MinimumVisualStudioVersion = 10.0.40219.1
Project("{FAE04EC0-301F-11D3-BF4B-00C04F79EFBC}") = "JiraApi", "JiraApi\JiraApi.csproj", "{A299A8F4-6D8F-4AEC-B55A-2677470DB982}"
EndProject
Project("{FAE04EC0-301F-11D3-BF4B-00C04F79EFBC}") = "JiraTest", "JiraTest\JiraTest.csproj", "{9727264F-64D7-4A7F-A7D9-104F5B4C1E76}"
EndProject
Global
	GlobalSection(SolutionConfigurationPlatforms) = preSolution
		Debug|Any CPU = Debug|Any CPU
		Release|Any CPU = Release|Any CPU
	EndGlobalSection
	GlobalSection(ProjectConfigurationPlatforms) = postSolution
		{A299A8F4-6D8F-4AEC-B55A-2677470DB982}.Debug|Any CPU.ActiveCfg = Debug|Any CPU
		{A299A8F4-6D8F-4AEC-B55A-2677470DB982}.Debug|Any CPU.Build.0 = Debug|Any CPU
		{A299A8F4-6D8F-4AEC-B55A-2677470DB982}.Release|Any CPU.ActiveCfg = Release|Any CPU
		{A299A8F4-6D8F-4AEC-B55A-2677470DB982}.Release|Any CPU.Build.0 = Release|Any CPU
		{9727264F-64D7-4A7F-A7D9-104F5B4C1E76}.Debug|Any CPU.ActiveCfg = Debug|Any CPU
		{9727264F-64D7-4A7F-A7D9-104F5B4C1E76}.Debug|Any CPU.Build.0 = Debug|Any CPU
		{9727264F-64D7-4A7F-A7D9-104F5B4C1E76}.Release|Any CPU.ActiveCfg = Release|Any CPU
		{9727264F-64D7-4A7F-A7D9-104F5B4C1E76}.Release|Any CPU.Build.0 = Release|Any CPU
	EndGlobalSection
	GlobalSection(SolutionProperties) = preSolution
		HideSolutionNode = FALSE
	EndGlobalSection
	GlobalSection(ExtensibilityGlobals) = postSolution
		SolutionGuid = {1840095D-987C-4607-AC80-7F1D4C3B17E4}
	EndGlobalSection
EndGlobal
